
Microsoft Visual Studio Solution File, Format Version 12.00
# Visual Studio Version 17
VisualStudioVersion = 17.4.33213.308
MinimumVisualStudioVersion = 10.0.40219.1
Project("{9A19103F-16F7-4668-BE54-9A1E7A4F7556}") = "IndustrialPremisesRent", "IndustrialPremisesRent\IndustrialPremisesRent.csproj", "{FBF170C5-859A-40D2-8F39-49753EDB3C6A}"
EndProject
Project("{FAE04EC0-301F-11D3-BF4B-00C04F79EFBC}") = "IndustrialPremisesRentUnitTests", "IndustrialPremisesRentUnitTests\IndustrialPremisesRentUnitTests.csproj", "{EF3D0996-91D7-4EFF-9342-692595C71E7A}"
EndProject
Global
	GlobalSection(SolutionConfigurationPlatforms) = preSolution
		Debug|Any CPU = Debug|Any CPU
		Release|Any CPU = Release|Any CPU
	EndGlobalSection
	GlobalSection(ProjectConfigurationPlatforms) = postSolution
		{FBF170C5-859A-40D2-8F39-49753EDB3C6A}.Debug|Any CPU.ActiveCfg = Debug|Any CPU
		{FBF170C5-859A-40D2-8F39-49753EDB3C6A}.Debug|Any CPU.Build.0 = Debug|Any CPU
		{FBF170C5-859A-40D2-8F39-49753EDB3C6A}.Release|Any CPU.ActiveCfg = Release|Any CPU
		{FBF170C5-859A-40D2-8F39-49753EDB3C6A}.Release|Any CPU.Build.0 = Release|Any CPU
		{EF3D0996-91D7-4EFF-9342-692595C71E7A}.Debug|Any CPU.ActiveCfg = Debug|Any CPU
		{EF3D0996-91D7-4EFF-9342-692595C71E7A}.Debug|Any CPU.Build.0 = Debug|Any CPU
		{EF3D0996-91D7-4EFF-9342-692595C71E7A}.Release|Any CPU.ActiveCfg = Release|Any CPU
		{EF3D0996-91D7-4EFF-9342-692595C71E7A}.Release|Any CPU.Build.0 = Release|Any CPU
	EndGlobalSection
	GlobalSection(SolutionProperties) = preSolution
		HideSolutionNode = FALSE
	EndGlobalSection
	GlobalSection(ExtensibilityGlobals) = postSolution
		SolutionGuid = {B3B136C7-2775-436D-9636-3B6EB7EABCCA}
	EndGlobalSection
EndGlobal
